# This file is automatically @generated by Cargo.
# It is not intended for manual editing.
[[package]]
name = "atk-sys"
version = "0.7.0"
source = "registry+https://github.com/rust-lang/crates.io-index"
dependencies = [
 "glib-sys 0.7.0 (registry+https://github.com/rust-lang/crates.io-index)",
 "gobject-sys 0.7.0 (registry+https://github.com/rust-lang/crates.io-index)",
 "libc 0.2.50 (registry+https://github.com/rust-lang/crates.io-index)",
 "pkg-config 0.3.14 (registry+https://github.com/rust-lang/crates.io-index)",
]

[[package]]
name = "bitflags"
version = "0.9.1"
source = "registry+https://github.com/rust-lang/crates.io-index"

[[package]]
name = "bitflags"
version = "1.0.4"
source = "registry+https://github.com/rust-lang/crates.io-index"

[[package]]
name = "byteorder"
version = "1.3.1"
source = "registry+https://github.com/rust-lang/crates.io-index"

[[package]]
name = "cairo-rs"
version = "0.5.0"
source = "registry+https://github.com/rust-lang/crates.io-index"
dependencies = [
 "cairo-sys-rs 0.7.0 (registry+https://github.com/rust-lang/crates.io-index)",
 "glib 0.6.1 (registry+https://github.com/rust-lang/crates.io-index)",
 "glib-sys 0.7.0 (registry+https://github.com/rust-lang/crates.io-index)",
 "gobject-sys 0.7.0 (registry+https://github.com/rust-lang/crates.io-index)",
 "libc 0.2.50 (registry+https://github.com/rust-lang/crates.io-index)",
]

[[package]]
name = "cairo-sys-rs"
version = "0.7.0"
source = "registry+https://github.com/rust-lang/crates.io-index"
dependencies = [
 "glib 0.6.1 (registry+https://github.com/rust-lang/crates.io-index)",
 "glib-sys 0.7.0 (registry+https://github.com/rust-lang/crates.io-index)",
 "gobject-sys 0.7.0 (registry+https://github.com/rust-lang/crates.io-index)",
 "libc 0.2.50 (registry+https://github.com/rust-lang/crates.io-index)",
 "pkg-config 0.3.14 (registry+https://github.com/rust-lang/crates.io-index)",
 "winapi 0.3.6 (registry+https://github.com/rust-lang/crates.io-index)",
]

[[package]]
name = "cc"
version = "1.0.32"
source = "registry+https://github.com/rust-lang/crates.io-index"

[[package]]
name = "cfg-if"
version = "0.1.7"
source = "registry+https://github.com/rust-lang/crates.io-index"

[[package]]
name = "fragile"
version = "0.3.0"
source = "registry+https://github.com/rust-lang/crates.io-index"

[[package]]
name = "gdk"
version = "0.9.0"
source = "registry+https://github.com/rust-lang/crates.io-index"
dependencies = [
 "bitflags 1.0.4 (registry+https://github.com/rust-lang/crates.io-index)",
 "cairo-rs 0.5.0 (registry+https://github.com/rust-lang/crates.io-index)",
 "cairo-sys-rs 0.7.0 (registry+https://github.com/rust-lang/crates.io-index)",
 "gdk-pixbuf 0.5.0 (registry+https://github.com/rust-lang/crates.io-index)",
 "gdk-sys 0.7.0 (registry+https://github.com/rust-lang/crates.io-index)",
 "gio 0.5.1 (registry+https://github.com/rust-lang/crates.io-index)",
 "gio-sys 0.7.0 (registry+https://github.com/rust-lang/crates.io-index)",
 "glib 0.6.1 (registry+https://github.com/rust-lang/crates.io-index)",
 "glib-sys 0.7.0 (registry+https://github.com/rust-lang/crates.io-index)",
 "gobject-sys 0.7.0 (registry+https://github.com/rust-lang/crates.io-index)",
 "libc 0.2.50 (registry+https://github.com/rust-lang/crates.io-index)",
 "pango 0.5.0 (registry+https://github.com/rust-lang/crates.io-index)",
]

[[package]]
name = "gdk-pixbuf"
version = "0.5.0"
source = "registry+https://github.com/rust-lang/crates.io-index"
dependencies = [
 "gdk-pixbuf-sys 0.7.0 (registry+https://github.com/rust-lang/crates.io-index)",
 "gio 0.5.1 (registry+https://github.com/rust-lang/crates.io-index)",
 "gio-sys 0.7.0 (registry+https://github.com/rust-lang/crates.io-index)",
 "glib 0.6.1 (registry+https://github.com/rust-lang/crates.io-index)",
 "glib-sys 0.7.0 (registry+https://github.com/rust-lang/crates.io-index)",
 "gobject-sys 0.7.0 (registry+https://github.com/rust-lang/crates.io-index)",
 "libc 0.2.50 (registry+https://github.com/rust-lang/crates.io-index)",
]

[[package]]
name = "gdk-pixbuf-sys"
version = "0.7.0"
source = "registry+https://github.com/rust-lang/crates.io-index"
dependencies = [
 "gio-sys 0.7.0 (registry+https://github.com/rust-lang/crates.io-index)",
 "glib-sys 0.7.0 (registry+https://github.com/rust-lang/crates.io-index)",
 "gobject-sys 0.7.0 (registry+https://github.com/rust-lang/crates.io-index)",
 "libc 0.2.50 (registry+https://github.com/rust-lang/crates.io-index)",
 "pkg-config 0.3.14 (registry+https://github.com/rust-lang/crates.io-index)",
]

[[package]]
name = "gdk-sys"
version = "0.7.0"
source = "registry+https://github.com/rust-lang/crates.io-index"
dependencies = [
 "cairo-sys-rs 0.7.0 (registry+https://github.com/rust-lang/crates.io-index)",
 "gdk-pixbuf-sys 0.7.0 (registry+https://github.com/rust-lang/crates.io-index)",
 "gio-sys 0.7.0 (registry+https://github.com/rust-lang/crates.io-index)",
 "glib-sys 0.7.0 (registry+https://github.com/rust-lang/crates.io-index)",
 "gobject-sys 0.7.0 (registry+https://github.com/rust-lang/crates.io-index)",
 "libc 0.2.50 (registry+https://github.com/rust-lang/crates.io-index)",
 "pango-sys 0.7.0 (registry+https://github.com/rust-lang/crates.io-index)",
 "pkg-config 0.3.14 (registry+https://github.com/rust-lang/crates.io-index)",
]

[[package]]
name = "getopts"
version = "0.2.18"
source = "registry+https://github.com/rust-lang/crates.io-index"
dependencies = [
 "unicode-width 0.1.5 (registry+https://github.com/rust-lang/crates.io-index)",
]

[[package]]
name = "gio"
version = "0.5.1"
source = "registry+https://github.com/rust-lang/crates.io-index"
dependencies = [
 "bitflags 1.0.4 (registry+https://github.com/rust-lang/crates.io-index)",
 "fragile 0.3.0 (registry+https://github.com/rust-lang/crates.io-index)",
 "gio-sys 0.7.0 (registry+https://github.com/rust-lang/crates.io-index)",
 "glib 0.6.1 (registry+https://github.com/rust-lang/crates.io-index)",
 "glib-sys 0.7.0 (registry+https://github.com/rust-lang/crates.io-index)",
 "gobject-sys 0.7.0 (registry+https://github.com/rust-lang/crates.io-index)",
 "lazy_static 1.3.0 (registry+https://github.com/rust-lang/crates.io-index)",
 "libc 0.2.50 (registry+https://github.com/rust-lang/crates.io-index)",
]

[[package]]
name = "gio-sys"
version = "0.7.0"
source = "registry+https://github.com/rust-lang/crates.io-index"
dependencies = [
 "glib-sys 0.7.0 (registry+https://github.com/rust-lang/crates.io-index)",
 "gobject-sys 0.7.0 (registry+https://github.com/rust-lang/crates.io-index)",
 "libc 0.2.50 (registry+https://github.com/rust-lang/crates.io-index)",
 "pkg-config 0.3.14 (registry+https://github.com/rust-lang/crates.io-index)",
]

[[package]]
name = "glib"
version = "0.6.1"
source = "registry+https://github.com/rust-lang/crates.io-index"
dependencies = [
 "bitflags 1.0.4 (registry+https://github.com/rust-lang/crates.io-index)",
 "glib-sys 0.7.0 (registry+https://github.com/rust-lang/crates.io-index)",
 "gobject-sys 0.7.0 (registry+https://github.com/rust-lang/crates.io-index)",
 "lazy_static 1.3.0 (registry+https://github.com/rust-lang/crates.io-index)",
 "libc 0.2.50 (registry+https://github.com/rust-lang/crates.io-index)",
]

[[package]]
name = "glib-sys"
version = "0.7.0"
source = "registry+https://github.com/rust-lang/crates.io-index"
dependencies = [
 "libc 0.2.50 (registry+https://github.com/rust-lang/crates.io-index)",
 "pkg-config 0.3.14 (registry+https://github.com/rust-lang/crates.io-index)",
]

[[package]]
name = "gobject-sys"
version = "0.7.0"
source = "registry+https://github.com/rust-lang/crates.io-index"
dependencies = [
 "glib-sys 0.7.0 (registry+https://github.com/rust-lang/crates.io-index)",
 "libc 0.2.50 (registry+https://github.com/rust-lang/crates.io-index)",
 "pkg-config 0.3.14 (registry+https://github.com/rust-lang/crates.io-index)",
]

[[package]]
name = "gtk"
version = "0.5.0"
source = "registry+https://github.com/rust-lang/crates.io-index"
dependencies = [
 "bitflags 1.0.4 (registry+https://github.com/rust-lang/crates.io-index)",
 "cairo-rs 0.5.0 (registry+https://github.com/rust-lang/crates.io-index)",
 "cairo-sys-rs 0.7.0 (registry+https://github.com/rust-lang/crates.io-index)",
 "cc 1.0.32 (registry+https://github.com/rust-lang/crates.io-index)",
 "gdk 0.9.0 (registry+https://github.com/rust-lang/crates.io-index)",
 "gdk-pixbuf 0.5.0 (registry+https://github.com/rust-lang/crates.io-index)",
 "gdk-pixbuf-sys 0.7.0 (registry+https://github.com/rust-lang/crates.io-index)",
 "gdk-sys 0.7.0 (registry+https://github.com/rust-lang/crates.io-index)",
 "gio 0.5.1 (registry+https://github.com/rust-lang/crates.io-index)",
 "gio-sys 0.7.0 (registry+https://github.com/rust-lang/crates.io-index)",
 "glib 0.6.1 (registry+https://github.com/rust-lang/crates.io-index)",
 "glib-sys 0.7.0 (registry+https://github.com/rust-lang/crates.io-index)",
 "gobject-sys 0.7.0 (registry+https://github.com/rust-lang/crates.io-index)",
 "gtk-sys 0.7.0 (registry+https://github.com/rust-lang/crates.io-index)",
 "lazy_static 1.3.0 (registry+https://github.com/rust-lang/crates.io-index)",
 "libc 0.2.50 (registry+https://github.com/rust-lang/crates.io-index)",
 "pango 0.5.0 (registry+https://github.com/rust-lang/crates.io-index)",
]

[[package]]
name = "gtk-source-sys"
version = "0.7.0"
source = "registry+https://github.com/rust-lang/crates.io-index"
dependencies = [
 "bitflags 1.0.4 (registry+https://github.com/rust-lang/crates.io-index)",
 "cairo-sys-rs 0.7.0 (registry+https://github.com/rust-lang/crates.io-index)",
 "gdk-pixbuf-sys 0.7.0 (registry+https://github.com/rust-lang/crates.io-index)",
 "gdk-sys 0.7.0 (registry+https://github.com/rust-lang/crates.io-index)",
 "gio-sys 0.7.0 (registry+https://github.com/rust-lang/crates.io-index)",
 "glib-sys 0.7.0 (registry+https://github.com/rust-lang/crates.io-index)",
 "gobject-sys 0.7.0 (registry+https://github.com/rust-lang/crates.io-index)",
 "gtk-sys 0.7.0 (registry+https://github.com/rust-lang/crates.io-index)",
 "libc 0.2.50 (registry+https://github.com/rust-lang/crates.io-index)",
 "pkg-config 0.3.14 (registry+https://github.com/rust-lang/crates.io-index)",
]

[[package]]
name = "gtk-sys"
version = "0.7.0"
source = "registry+https://github.com/rust-lang/crates.io-index"
dependencies = [
 "atk-sys 0.7.0 (registry+https://github.com/rust-lang/crates.io-index)",
 "cairo-sys-rs 0.7.0 (registry+https://github.com/rust-lang/crates.io-index)",
 "gdk-pixbuf-sys 0.7.0 (registry+https://github.com/rust-lang/crates.io-index)",
 "gdk-sys 0.7.0 (registry+https://github.com/rust-lang/crates.io-index)",
 "gio-sys 0.7.0 (registry+https://github.com/rust-lang/crates.io-index)",
 "glib-sys 0.7.0 (registry+https://github.com/rust-lang/crates.io-index)",
 "gobject-sys 0.7.0 (registry+https://github.com/rust-lang/crates.io-index)",
 "libc 0.2.50 (registry+https://github.com/rust-lang/crates.io-index)",
 "pango-sys 0.7.0 (registry+https://github.com/rust-lang/crates.io-index)",
 "pkg-config 0.3.14 (registry+https://github.com/rust-lang/crates.io-index)",
]

[[package]]
name = "horrorshow"
version = "0.6.6"
source = "registry+https://github.com/rust-lang/crates.io-index"

[[package]]
name = "javascriptcore-rs"
version = "0.5.0"
source = "registry+https://github.com/rust-lang/crates.io-index"
dependencies = [
 "glib 0.6.1 (registry+https://github.com/rust-lang/crates.io-index)",
 "javascriptcore-rs-sys 0.1.1 (registry+https://github.com/rust-lang/crates.io-index)",
]

[[package]]
name = "javascriptcore-rs-sys"
version = "0.1.1"
source = "registry+https://github.com/rust-lang/crates.io-index"
dependencies = [
 "libc 0.2.50 (registry+https://github.com/rust-lang/crates.io-index)",
]

[[package]]
name = "lazy_static"
version = "1.3.0"
source = "registry+https://github.com/rust-lang/crates.io-index"

[[package]]
name = "libc"
version = "0.2.50"
source = "registry+https://github.com/rust-lang/crates.io-index"

[[package]]
name = "log"
version = "0.4.6"
source = "registry+https://github.com/rust-lang/crates.io-index"
dependencies = [
 "cfg-if 0.1.7 (registry+https://github.com/rust-lang/crates.io-index)",
]

[[package]]
name = "neovim-lib"
version = "0.6.0"
source = "registry+https://github.com/rust-lang/crates.io-index"
dependencies = [
 "log 0.4.6 (registry+https://github.com/rust-lang/crates.io-index)",
 "rmp 0.8.7 (registry+https://github.com/rust-lang/crates.io-index)",
 "rmpv 0.4.0 (registry+https://github.com/rust-lang/crates.io-index)",
 "unix_socket 0.5.0 (registry+https://github.com/rust-lang/crates.io-index)",
]

[[package]]
name = "num-traits"
version = "0.1.43"
source = "registry+https://github.com/rust-lang/crates.io-index"
dependencies = [
 "num-traits 0.2.6 (registry+https://github.com/rust-lang/crates.io-index)",
]

[[package]]
name = "num-traits"
version = "0.2.6"
source = "registry+https://github.com/rust-lang/crates.io-index"

[[package]]
name = "nvim-md"
version = "0.1.0"
dependencies = [
 "fragile 0.3.0 (registry+https://github.com/rust-lang/crates.io-index)",
 "glib 0.6.1 (registry+https://github.com/rust-lang/crates.io-index)",
 "gtk 0.5.0 (registry+https://github.com/rust-lang/crates.io-index)",
 "horrorshow 0.6.6 (registry+https://github.com/rust-lang/crates.io-index)",
 "neovim-lib 0.6.0 (registry+https://github.com/rust-lang/crates.io-index)",
 "pango 0.5.0 (registry+https://github.com/rust-lang/crates.io-index)",
 "pulldown-cmark 0.1.2 (registry+https://github.com/rust-lang/crates.io-index)",
 "sourceview 0.5.0 (registry+https://github.com/rust-lang/crates.io-index)",
 "webkit2gtk 0.5.1 (registry+https://github.com/rust-lang/crates.io-index)",
]

[[package]]
name = "pango"
version = "0.5.0"
source = "registry+https://github.com/rust-lang/crates.io-index"
dependencies = [
 "bitflags 1.0.4 (registry+https://github.com/rust-lang/crates.io-index)",
 "glib 0.6.1 (registry+https://github.com/rust-lang/crates.io-index)",
 "glib-sys 0.7.0 (registry+https://github.com/rust-lang/crates.io-index)",
 "gobject-sys 0.7.0 (registry+https://github.com/rust-lang/crates.io-index)",
 "lazy_static 1.3.0 (registry+https://github.com/rust-lang/crates.io-index)",
 "libc 0.2.50 (registry+https://github.com/rust-lang/crates.io-index)",
 "pango-sys 0.7.0 (registry+https://github.com/rust-lang/crates.io-index)",
]

[[package]]
name = "pango-sys"
version = "0.7.0"
source = "registry+https://github.com/rust-lang/crates.io-index"
dependencies = [
 "glib-sys 0.7.0 (registry+https://github.com/rust-lang/crates.io-index)",
 "gobject-sys 0.7.0 (registry+https://github.com/rust-lang/crates.io-index)",
 "libc 0.2.50 (registry+https://github.com/rust-lang/crates.io-index)",
 "pkg-config 0.3.14 (registry+https://github.com/rust-lang/crates.io-index)",
]

[[package]]
name = "pkg-config"
version = "0.3.14"
source = "registry+https://github.com/rust-lang/crates.io-index"

[[package]]
name = "pulldown-cmark"
version = "0.1.2"
source = "registry+https://github.com/rust-lang/crates.io-index"
dependencies = [
 "bitflags 0.9.1 (registry+https://github.com/rust-lang/crates.io-index)",
 "getopts 0.2.18 (registry+https://github.com/rust-lang/crates.io-index)",
]

[[package]]
name = "rmp"
version = "0.8.7"
source = "registry+https://github.com/rust-lang/crates.io-index"
dependencies = [
 "byteorder 1.3.1 (registry+https://github.com/rust-lang/crates.io-index)",
 "num-traits 0.1.43 (registry+https://github.com/rust-lang/crates.io-index)",
]

[[package]]
name = "rmpv"
version = "0.4.0"
source = "registry+https://github.com/rust-lang/crates.io-index"
dependencies = [
 "num-traits 0.1.43 (registry+https://github.com/rust-lang/crates.io-index)",
 "rmp 0.8.7 (registry+https://github.com/rust-lang/crates.io-index)",
 "serde 1.0.89 (registry+https://github.com/rust-lang/crates.io-index)",
 "serde_bytes 0.10.5 (registry+https://github.com/rust-lang/crates.io-index)",
]

[[package]]
name = "serde"
version = "1.0.89"
source = "registry+https://github.com/rust-lang/crates.io-index"

[[package]]
name = "serde_bytes"
version = "0.10.5"
source = "registry+https://github.com/rust-lang/crates.io-index"
dependencies = [
 "serde 1.0.89 (registry+https://github.com/rust-lang/crates.io-index)",
]

[[package]]
name = "soup-sys"
version = "0.7.0"
source = "registry+https://github.com/rust-lang/crates.io-index"
dependencies = [
 "bitflags 1.0.4 (registry+https://github.com/rust-lang/crates.io-index)",
 "gio-sys 0.7.0 (registry+https://github.com/rust-lang/crates.io-index)",
 "glib-sys 0.7.0 (registry+https://github.com/rust-lang/crates.io-index)",
 "gobject-sys 0.7.0 (registry+https://github.com/rust-lang/crates.io-index)",
 "libc 0.2.50 (registry+https://github.com/rust-lang/crates.io-index)",
 "pkg-config 0.3.14 (registry+https://github.com/rust-lang/crates.io-index)",
]

[[package]]
name = "sourceview"
version = "0.5.0"
source = "registry+https://github.com/rust-lang/crates.io-index"
dependencies = [
 "bitflags 1.0.4 (registry+https://github.com/rust-lang/crates.io-index)",
 "cairo-rs 0.5.0 (registry+https://github.com/rust-lang/crates.io-index)",
 "gdk 0.9.0 (registry+https://github.com/rust-lang/crates.io-index)",
 "gdk-pixbuf 0.5.0 (registry+https://github.com/rust-lang/crates.io-index)",
 "gdk-pixbuf-sys 0.7.0 (registry+https://github.com/rust-lang/crates.io-index)",
 "gdk-sys 0.7.0 (registry+https://github.com/rust-lang/crates.io-index)",
 "gio 0.5.1 (registry+https://github.com/rust-lang/crates.io-index)",
 "gio-sys 0.7.0 (registry+https://github.com/rust-lang/crates.io-index)",
 "glib 0.6.1 (registry+https://github.com/rust-lang/crates.io-index)",
 "glib-sys 0.7.0 (registry+https://github.com/rust-lang/crates.io-index)",
 "gobject-sys 0.7.0 (registry+https://github.com/rust-lang/crates.io-index)",
 "gtk 0.5.0 (registry+https://github.com/rust-lang/crates.io-index)",
 "gtk-source-sys 0.7.0 (registry+https://github.com/rust-lang/crates.io-index)",
 "gtk-sys 0.7.0 (registry+https://github.com/rust-lang/crates.io-index)",
 "libc 0.2.50 (registry+https://github.com/rust-lang/crates.io-index)",
 "pango 0.5.0 (registry+https://github.com/rust-lang/crates.io-index)",
]

[[package]]
name = "unicode-width"
version = "0.1.5"
source = "registry+https://github.com/rust-lang/crates.io-index"

[[package]]
name = "unix_socket"
version = "0.5.0"
source = "registry+https://github.com/rust-lang/crates.io-index"
dependencies = [
 "cfg-if 0.1.7 (registry+https://github.com/rust-lang/crates.io-index)",
 "libc 0.2.50 (registry+https://github.com/rust-lang/crates.io-index)",
]

[[package]]
name = "webkit2gtk"
version = "0.5.1"
source = "registry+https://github.com/rust-lang/crates.io-index"
dependencies = [
 "bitflags 1.0.4 (registry+https://github.com/rust-lang/crates.io-index)",
 "cairo-rs 0.5.0 (registry+https://github.com/rust-lang/crates.io-index)",
 "gdk 0.9.0 (registry+https://github.com/rust-lang/crates.io-index)",
 "gdk-sys 0.7.0 (registry+https://github.com/rust-lang/crates.io-index)",
 "gio 0.5.1 (registry+https://github.com/rust-lang/crates.io-index)",
 "gio-sys 0.7.0 (registry+https://github.com/rust-lang/crates.io-index)",
 "glib 0.6.1 (registry+https://github.com/rust-lang/crates.io-index)",
 "glib-sys 0.7.0 (registry+https://github.com/rust-lang/crates.io-index)",
 "gobject-sys 0.7.0 (registry+https://github.com/rust-lang/crates.io-index)",
 "gtk 0.5.0 (registry+https://github.com/rust-lang/crates.io-index)",
 "gtk-sys 0.7.0 (registry+https://github.com/rust-lang/crates.io-index)",
 "javascriptcore-rs 0.5.0 (registry+https://github.com/rust-lang/crates.io-index)",
 "libc 0.2.50 (registry+https://github.com/rust-lang/crates.io-index)",
 "webkit2gtk-sys 0.7.0 (registry+https://github.com/rust-lang/crates.io-index)",
]

[[package]]
name = "webkit2gtk-sys"
version = "0.7.0"
source = "registry+https://github.com/rust-lang/crates.io-index"
dependencies = [
 "atk-sys 0.7.0 (registry+https://github.com/rust-lang/crates.io-index)",
 "bitflags 1.0.4 (registry+https://github.com/rust-lang/crates.io-index)",
 "cairo-sys-rs 0.7.0 (registry+https://github.com/rust-lang/crates.io-index)",
 "gdk-pixbuf-sys 0.7.0 (registry+https://github.com/rust-lang/crates.io-index)",
 "gdk-sys 0.7.0 (registry+https://github.com/rust-lang/crates.io-index)",
 "gio-sys 0.7.0 (registry+https://github.com/rust-lang/crates.io-index)",
 "glib-sys 0.7.0 (registry+https://github.com/rust-lang/crates.io-index)",
 "gobject-sys 0.7.0 (registry+https://github.com/rust-lang/crates.io-index)",
 "gtk-sys 0.7.0 (registry+https://github.com/rust-lang/crates.io-index)",
 "javascriptcore-rs-sys 0.1.1 (registry+https://github.com/rust-lang/crates.io-index)",
 "libc 0.2.50 (registry+https://github.com/rust-lang/crates.io-index)",
 "pango-sys 0.7.0 (registry+https://github.com/rust-lang/crates.io-index)",
 "pkg-config 0.3.14 (registry+https://github.com/rust-lang/crates.io-index)",
 "soup-sys 0.7.0 (registry+https://github.com/rust-lang/crates.io-index)",
]

[[package]]
name = "winapi"
version = "0.3.6"
source = "registry+https://github.com/rust-lang/crates.io-index"
dependencies = [
 "winapi-i686-pc-windows-gnu 0.4.0 (registry+https://github.com/rust-lang/crates.io-index)",
 "winapi-x86_64-pc-windows-gnu 0.4.0 (registry+https://github.com/rust-lang/crates.io-index)",
]

[[package]]
name = "winapi-i686-pc-windows-gnu"
version = "0.4.0"
source = "registry+https://github.com/rust-lang/crates.io-index"

[[package]]
name = "winapi-x86_64-pc-windows-gnu"
version = "0.4.0"
source = "registry+https://github.com/rust-lang/crates.io-index"

[metadata]
"checksum atk-sys 0.7.0 (registry+https://github.com/rust-lang/crates.io-index)" = "c7017e53393e713212aed7aea336b6553be4927f58c37070a56c2fe3d107e489"
"checksum bitflags 0.9.1 (registry+https://github.com/rust-lang/crates.io-index)" = "4efd02e230a02e18f92fc2735f44597385ed02ad8f831e7c1c1156ee5e1ab3a5"
"checksum bitflags 1.0.4 (registry+https://github.com/rust-lang/crates.io-index)" = "228047a76f468627ca71776ecdebd732a3423081fcf5125585bcd7c49886ce12"
"checksum byteorder 1.3.1 (registry+https://github.com/rust-lang/crates.io-index)" = "a019b10a2a7cdeb292db131fc8113e57ea2a908f6e7894b0c3c671893b65dbeb"
"checksum cairo-rs 0.5.0 (registry+https://github.com/rust-lang/crates.io-index)" = "dd940f0d609699e343ef71c4af5f66423afbf30d666f796dabd8fd15229cf5b6"
"checksum cairo-sys-rs 0.7.0 (registry+https://github.com/rust-lang/crates.io-index)" = "d25596627380be4381247dba06c69ad05ca21b3b065bd9827e416882ac41dcd2"
"checksum cc 1.0.32 (registry+https://github.com/rust-lang/crates.io-index)" = "ad0daef304fa0b4238f5f7ed7178774b43b06f6a9b6509f6642bef4ff1f7b9b2"
"checksum cfg-if 0.1.7 (registry+https://github.com/rust-lang/crates.io-index)" = "11d43355396e872eefb45ce6342e4374ed7bc2b3a502d1b28e36d6e23c05d1f4"
"checksum fragile 0.3.0 (registry+https://github.com/rust-lang/crates.io-index)" = "05f8140122fa0d5dcb9fc8627cfce2b37cc1500f752636d46ea28bc26785c2f9"
"checksum gdk 0.9.0 (registry+https://github.com/rust-lang/crates.io-index)" = "bcc52c7244046df9d959df87289f1fc5cca23f9f850bab0c967963e2ecb83a96"
"checksum gdk-pixbuf 0.5.0 (registry+https://github.com/rust-lang/crates.io-index)" = "bc3aa730cb4df3de5d9fed59f43afdf9e5fb2d3d10bfcbd04cec031435ce87f5"
"checksum gdk-pixbuf-sys 0.7.0 (registry+https://github.com/rust-lang/crates.io-index)" = "08284f16ce4d909b10d785a763ba190e222d2c1557b29908bf0a661e27a8ac3b"
"checksum gdk-sys 0.7.0 (registry+https://github.com/rust-lang/crates.io-index)" = "108548ebf5329b551f2b97ab356908d14627905abb74b936c3372de1535aee81"
"checksum getopts 0.2.18 (registry+https://github.com/rust-lang/crates.io-index)" = "0a7292d30132fb5424b354f5dc02512a86e4c516fe544bb7a25e7f266951b797"
"checksum gio 0.5.1 (registry+https://github.com/rust-lang/crates.io-index)" = "29a44b051990573448edc80b1995237f8b97b5734d2aec05105b9242aa10af11"
"checksum gio-sys 0.7.0 (registry+https://github.com/rust-lang/crates.io-index)" = "6975ada29f7924dc1c90b30ed3b32d777805a275556c05e420da4fbdc22eb250"
"checksum glib 0.6.1 (registry+https://github.com/rust-lang/crates.io-index)" = "7a333edf5b9f1411c246ef14e7881b087255f04c56dbef48c64a0cb039b4b340"
"checksum glib-sys 0.7.0 (registry+https://github.com/rust-lang/crates.io-index)" = "3573351e846caed9f11207b275cd67bc07f0c2c94fb628e5d7c92ca056c7882d"
"checksum gobject-sys 0.7.0 (registry+https://github.com/rust-lang/crates.io-index)" = "08475e4a08f27e6e2287005950114735ed61cec2cb8c1187682a5aec8c69b715"
"checksum gtk 0.5.0 (registry+https://github.com/rust-lang/crates.io-index)" = "56a6b30f194f09a17bb7ffa95c3ecdb405abd3b75ff981f831b1f6d18fe115ff"
"checksum gtk-source-sys 0.7.0 (registry+https://github.com/rust-lang/crates.io-index)" = "8b2d123493c306e4b9c6f1f25afc420c1d1eee05e5e1146cb7bdfa6370c550e7"
"checksum gtk-sys 0.7.0 (registry+https://github.com/rust-lang/crates.io-index)" = "d487d333a4b87072e6bf9f2e55befa0ebef01b9496c2e263c0f4a1ff3d6c04b1"
"checksum horrorshow 0.6.6 (registry+https://github.com/rust-lang/crates.io-index)" = "597674f6c0cc85b1ad05a5383aad6809d4f85e935cdd96961faaa69d8896b624"
"checksum javascriptcore-rs 0.5.0 (registry+https://github.com/rust-lang/crates.io-index)" = "f5700d7fa3d8b5aa67d4cc140bbb8aa2842ea6435f3947e1613cc5cb27138b73"
"checksum javascriptcore-rs-sys 0.1.1 (registry+https://github.com/rust-lang/crates.io-index)" = "bee08907d562a307347c30f94866fde2a49c3259b6ff11f8e2f62317539b26cf"
"checksum lazy_static 1.3.0 (registry+https://github.com/rust-lang/crates.io-index)" = "bc5729f27f159ddd61f4df6228e827e86643d4d3e7c32183cb30a1c08f604a14"
"checksum libc 0.2.50 (registry+https://github.com/rust-lang/crates.io-index)" = "aab692d7759f5cd8c859e169db98ae5b52c924add2af5fbbca11d12fefb567c1"
"checksum log 0.4.6 (registry+https://github.com/rust-lang/crates.io-index)" = "c84ec4b527950aa83a329754b01dbe3f58361d1c5efacd1f6d68c494d08a17c6"
"checksum neovim-lib 0.6.0 (registry+https://github.com/rust-lang/crates.io-index)" = "5a6df2e6e846e5dbd098b73ba1a39d1f2ff654bb7cc33521fc569aa0da54daaa"
"checksum num-traits 0.1.43 (registry+https://github.com/rust-lang/crates.io-index)" = "92e5113e9fd4cc14ded8e499429f396a20f98c772a47cc8622a736e1ec843c31"
"checksum num-traits 0.2.6 (registry+https://github.com/rust-lang/crates.io-index)" = "0b3a5d7cc97d6d30d8b9bc8fa19bf45349ffe46241e8816f50f62f6d6aaabee1"
"checksum pango 0.5.0 (registry+https://github.com/rust-lang/crates.io-index)" = "4c2cb169402a3eb1ba034a7cc7d95b8b1c106e9be5ba4be79a5a93dc1a2795f4"
"checksum pango-sys 0.7.0 (registry+https://github.com/rust-lang/crates.io-index)" = "d6eb49268e69dd0c1da5d3001a61aac08e2e9d2bfbe4ae4b19b9963c998f6453"
"checksum pkg-config 0.3.14 (registry+https://github.com/rust-lang/crates.io-index)" = "676e8eb2b1b4c9043511a9b7bea0915320d7e502b0a079fb03f9635a5252b18c"
"checksum pulldown-cmark 0.1.2 (registry+https://github.com/rust-lang/crates.io-index)" = "d6fdf85cda6cadfae5428a54661d431330b312bc767ddbc57adbedc24da66e32"
"checksum rmp 0.8.7 (registry+https://github.com/rust-lang/crates.io-index)" = "a3d45d7afc9b132b34a2479648863aa95c5c88e98b32285326a6ebadc80ec5c9"
"checksum rmpv 0.4.0 (registry+https://github.com/rust-lang/crates.io-index)" = "29af0205707de955a396a1d3c657677c65f791ebabb63c0596c0b2fec0bf6325"
"checksum serde 1.0.89 (registry+https://github.com/rust-lang/crates.io-index)" = "92514fb95f900c9b5126e32d020f5c6d40564c27a5ea6d1d7d9f157a96623560"
"checksum serde_bytes 0.10.5 (registry+https://github.com/rust-lang/crates.io-index)" = "defbb8a83d7f34cc8380751eeb892b825944222888aff18996ea7901f24aec88"
"checksum soup-sys 0.7.0 (registry+https://github.com/rust-lang/crates.io-index)" = "2c706ec1f29e40f98bbbb4000344894902bb2c3d6769449b01164bd913e4da89"
"checksum sourceview 0.5.0 (registry+https://github.com/rust-lang/crates.io-index)" = "21873b35a44fec1fd3ff993532a760577361e1f648b268d3ecc67fe2d1f7ca2c"
"checksum unicode-width 0.1.5 (registry+https://github.com/rust-lang/crates.io-index)" = "882386231c45df4700b275c7ff55b6f3698780a650026380e72dabe76fa46526"
"checksum unix_socket 0.5.0 (registry+https://github.com/rust-lang/crates.io-index)" = "6aa2700417c405c38f5e6902d699345241c28c0b7ade4abaad71e35a87eb1564"
"checksum webkit2gtk 0.5.1 (registry+https://github.com/rust-lang/crates.io-index)" = "d9f930db49fc50a556a19df0ecbc39b5e19a3b8e85b95a29a64438505f8368fb"
"checksum webkit2gtk-sys 0.7.0 (registry+https://github.com/rust-lang/crates.io-index)" = "dce5054d4b7a77e5fa6c31201c0d80befe96c5497886b9d953d01bdc71197e69"
"checksum winapi 0.3.6 (registry+https://github.com/rust-lang/crates.io-index)" = "92c1eb33641e276cfa214a0522acad57be5c56b10cb348b3c5117db75f3ac4b0"
"checksum winapi-i686-pc-windows-gnu 0.4.0 (registry+https://github.com/rust-lang/crates.io-index)" = "ac3b87c63620426dd9b991e5ce0329eff545bccbbb34f3be09ff6fb6ab51b7b6"
"checksum winapi-x86_64-pc-windows-gnu 0.4.0 (registry+https://github.com/rust-lang/crates.io-index)" = "712e227841d057c1ee1cd2fb22fa7e5a5461ae8e48fa2ca79ec42cfc1931183f"
